github.com/JohannesKaufmann/dom v0.1.1-0.20240706125338-ff9f3b772364 h1:TDlO/A2QqlNhdvH+hDnu8cv1rouhfHgLwhGzJeHGgFQ=
github.com/JohannesKaufmann/dom v0.1.1-0.20240706125338-ff9f3b772364/go.mod h1:U+fBZLZTYiZCOwQUT04V3J4I+0TxyLNnj0R8nBlO4fk=
github.com/JohannesKaufmann/html-to-markdown/v2 v2.2.1 h1:CTdlXnVjuOA8nh2NRjPx2hZvrSirvqWmgMfYSsgh3+8=
github.com/JohannesKaufmann/html-to-markdown/v2 v2.2.1/go.mod h1:/4SMA6sya4rFx35o6hHFhK47vKunlKqrw1anAVsihGQ=
github.com/anaskhan96/soup v1.2.5 h1:V/FHiusdTrPrdF4iA1YkVxsOpdNcgvqT1hG+YtcZ5hM=
github.com/anaskhan96/soup v1.2.5/go.mod h1:6YnEp9A2yywlYdM4EgDz9NEHclocMepEtku7wg6Cq3s=
github.com/davecgh/go-spew v1.1.0 h1:ZDRjVQ15GmhC3fiQ8ni8+OwkZQO4DARzQgrnXU1Liz8=
github.com/davecgh/go-spew v1.1.0/go.mod h1:J7Y8YcW2NihsgmVo/mv3lAwl/skON4iLHjSsI+c5H38=
github.com/google/go-cmp v0.6.0 h1:ofyhxvXcZhMsU5ulbFiLKl/XBFqE1GSq7atu8tAmTRI=
github.com/google/go-cmp v0.6.0/go.mod h1:17dUlkBOakJ0+DkrSSNjCkIjxS6bF9zb3elmeNGIjoY=
github.com/hedhyw/rex v1.0.0 h1:f7QNmVMBsmuEop/wg85byq6YbOHQr0q3Y78Q3IwKp+I=
github.com/hedhyw/rex v1.0.0/go.mod h1:n9CYz3ztkAp56mrMXw65Q3LeXCO2AZSUvO7VMHsVMF8=
github.com/pmezard/go-difflib v1.0.0 h1:4DBwDE0NGyQoBHbLQYPwSUPoCMWR5BEzIk/f1lZbAQM=
github.com/pmezard/go-difflib v1.0.0/go.mod h1:iKH77koFhYxTK1pcRnkKkqfTogsbg7gZNVY4sRDYZ/4=
github.com/sebdah/goldie/v2 v2.5.5 h1:rx1mwF95RxZ3/83sdS4Yp7t2C5TCokvWP4TBRbAyEWY=
github.com/sebdah/goldie/v2 v2.5.5/go.mod h1:oZ9fp0+se1eapSRjfYbsV/0Hqhbuu3bJVvKI/NNtssI=
github.com/sergi/go-diff v1.3.1 h1:xkr+Oxo4BOQKmkn/B9eMK0g5Kg/983T9DqqPHwYqD+8=
github.com/sergi/go-diff v1.3.1/go.mod h1:aMJSSKb2lpPvRNec0+w3fl7LP9IOFzdc9Pa4NFbPK1I=
github.com/stretchr/objx v0.1.0/go.mod h1:HFkY916IF+rwdDfMAkV7OtwuqBVzrE8GR6GFx+wExME=
github.com/stretchr/testify v1.6.1 h1:hDPOHmpOpP40lSULcqw7IrRb/u7w6RpDC9399XyoNd0=
github.com/stretchr/testify v1.6.1/go.mod h1:6Fq8oRcR53rry900zMqJjRRixrwX3KX962/h/Wwjteg=
github.com/yuin/goldmark v1.7.8 h1:iERMLn0/QJeHFhxSt3p6PeN9mGnvIKSpG9YYorDMnic=
github.com/yuin/goldmark v1.7.8/go.mod h1:uzxRWxtg69N339t3louHJ7+O03ezfj6PlliRlaOzY1E=
golang.org/x/crypto v0.0.0-20190308221718-c2843e01d9a2/go.mod h1:djNgcEr1/C05ACkg1iLfiJU5Ep61QUkGW8qpdssI0+w=
golang.org/x/exp v0.0.0-20231206192017-f3f8817b8deb h1:c0vyKkb6yr3KR7jEfJaOSv4lG7xPkbN6r52aJz1d8a8=
golang.org/x/exp v0.0.0-20231206192017-f3f8817b8deb/go.mod h1:iRJReGqOEeBhDZGkGbynYwcHlctCvnjTYIamk7uXpHI=
golang.org/x/net v0.0.0-20200114155413-6afb5195e5aa/go.mod h1:z5CRVTTTmAJ677TzLLGU+0bjPO0LkuOLi4/5GtJWs/s=
golang.org/x/net v0.31.0 h1:68CPQngjLL0r2AlUKiSxtQFKvzRVbnzLwMUn5SzcLHo=
golang.org/x/net v0.31.0/go.mod h1:P4fl1q7dY2hnZFxEk4pPSkDHF+QqjitcnDjUQyMM+pM=
golang.org/x/sys v0.0.0-20190215142949-d0b11bdaac8a/go.mod h1:STP8DvDyc/dI5b8T5hshtkjS+E42TnysNCUPdjciGhY=
golang.org/x/text v0.3.0/go.mod h1:NqM8EUOU14njkJ3fqMW+pc6Ldnwhi/IjpwHt7yyuwOQ=
golang.org/x/text v0.20.0 h1:gK/Kv2otX8gz+wn7Rmb3vT96ZwuoxnQlY+HlJVj7Qug=
golang.org/x/text v0.20.0/go.mod h1:D4IsuqiFMhST5bX19pQ9ikHC2GsaKyk/oF+pn3ducp4=
gopkg.in/check.v1 v0.0.0-20161208181325-20d25e280405 h1:yhCVgyC4o1eVCa2tZl7eS0r+SDo693bJlVdllGtEeKM=
gopkg.in/check.v1 v0.0.0-20161208181325-20d25e280405/go.mod h1:Co6ibVJAznAaIkqp8huTwlJQCZ016jof/cbN4VW5Yz0=
gopkg.in/yaml.v3 v3.0.0-20200313102051-9f266ea9e77c/go.mod h1:K4uyk7z7BCEPqu6E+C64Yfv1cQ7kz7rIZviUmN+EgEM=
gopkg.in/yaml.v3 v3.0.1 h1:fxVm/GzAzEWqLHuvctI91KS9hhNmmWOoWu0XTYJS7CA=
gopkg.in/yaml.v3 v3.0.1/go.mod h1:K4uyk7z7BCEPqu6E+C64Yfv1cQ7kz7rIZviUmN+EgEM=
